
Microsoft Visual Studio Solution File, Format Version 12.00
# Visual Studio Version 16
VisualStudioVersion = 16.0.30413.136
MinimumVisualStudioVersion = 10.0.40219.1
Project("{FAE04EC0-301F-11D3-BF4B-00C04F79EFBC}") = "HaloMCCEditor", "HaloMCCEditor\HaloMCCEditor.csproj", "{946D33AD-7690-4A5F-80B0-688736435B45}"
EndProject
Project("{8BC9CEB8-8B4A-11D0-8D11-00A0C91BC942}") = "HaloMCCEditorSceneView", "HaloMCCEditorSceneView\HaloMCCEditorSceneView.vcxproj", "{AA658132-DFE5-4F25-8E8E-DAADF58B6621}"
EndProject
Project("{8BC9CEB8-8B4A-11D0-8D11-00A0C91BC942}") = "Sandbox", "Sandbox\Sandbox.vcxproj", "{1EAD6DCC-D882-4AD8-94D0-4264B6216727}"
EndProject
Project("{FAE04EC0-301F-11D3-BF4B-00C04F79EFBC}") = "Blamite", "Blamite\Blamite.csproj", "{6B105AB9-84A0-4774-B319-75E9CAB3DB4B}"
EndProject
Global
	GlobalSection(SolutionConfigurationPlatforms) = preSolution
		Debug|Any CPU = Debug|Any CPU
		Debug|x64 = Debug|x64
		Debug|x86 = Debug|x86
		Release|Any CPU = Release|Any CPU
		Release|x64 = Release|x64
		Release|x86 = Release|x86
	EndGlobalSection
	GlobalSection(ProjectConfigurationPlatforms) = postSolution
		{946D33AD-7690-4A5F-80B0-688736435B45}.Debug|Any CPU.ActiveCfg = Debug|Any CPU
		{946D33AD-7690-4A5F-80B0-688736435B45}.Debug|Any CPU.Build.0 = Debug|Any CPU
		{946D33AD-7690-4A5F-80B0-688736435B45}.Debug|x64.ActiveCfg = Debug|x64
		{946D33AD-7690-4A5F-80B0-688736435B45}.Debug|x64.Build.0 = Debug|x64
		{946D33AD-7690-4A5F-80B0-688736435B45}.Debug|x86.ActiveCfg = Debug|x86
		{946D33AD-7690-4A5F-80B0-688736435B45}.Debug|x86.Build.0 = Debug|x86
		{946D33AD-7690-4A5F-80B0-688736435B45}.Release|Any CPU.ActiveCfg = Release|Any CPU
		{946D33AD-7690-4A5F-80B0-688736435B45}.Release|Any CPU.Build.0 = Release|Any CPU
		{946D33AD-7690-4A5F-80B0-688736435B45}.Release|x64.ActiveCfg = Release|x64
		{946D33AD-7690-4A5F-80B0-688736435B45}.Release|x64.Build.0 = Release|x64
		{946D33AD-7690-4A5F-80B0-688736435B45}.Release|x86.ActiveCfg = Release|x86
		{946D33AD-7690-4A5F-80B0-688736435B45}.Release|x86.Build.0 = Release|x86
		{AA658132-DFE5-4F25-8E8E-DAADF58B6621}.Debug|Any CPU.ActiveCfg = Debug|Win32
		{AA658132-DFE5-4F25-8E8E-DAADF58B6621}.Debug|x64.ActiveCfg = Debug|x64
		{AA658132-DFE5-4F25-8E8E-DAADF58B6621}.Debug|x64.Build.0 = Debug|x64
		{AA658132-DFE5-4F25-8E8E-DAADF58B6621}.Debug|x86.ActiveCfg = Debug|Win32
		{AA658132-DFE5-4F25-8E8E-DAADF58B6621}.Debug|x86.Build.0 = Debug|Win32
		{AA658132-DFE5-4F25-8E8E-DAADF58B6621}.Release|Any CPU.ActiveCfg = Release|Win32
		{AA658132-DFE5-4F25-8E8E-DAADF58B6621}.Release|x64.ActiveCfg = Release|x64
		{AA658132-DFE5-4F25-8E8E-DAADF58B6621}.Release|x64.Build.0 = Release|x64
		{AA658132-DFE5-4F25-8E8E-DAADF58B6621}.Release|x86.ActiveCfg = Release|Win32
		{AA658132-DFE5-4F25-8E8E-DAADF58B6621}.Release|x86.Build.0 = Release|Win32
		{1EAD6DCC-D882-4AD8-94D0-4264B6216727}.Debug|Any CPU.ActiveCfg = Debug|Win32
		{1EAD6DCC-D882-4AD8-94D0-4264B6216727}.Debug|x64.ActiveCfg = Debug|x64
		{1EAD6DCC-D882-4AD8-94D0-4264B6216727}.Debug|x64.Build.0 = Debug|x64
		{1EAD6DCC-D882-4AD8-94D0-4264B6216727}.Debug|x86.ActiveCfg = Debug|Win32
		{1EAD6DCC-D882-4AD8-94D0-4264B6216727}.Debug|x86.Build.0 = Debug|Win32
		{1EAD6DCC-D882-4AD8-94D0-4264B6216727}.Release|Any CPU.ActiveCfg = Release|Win32
		{1EAD6DCC-D882-4AD8-94D0-4264B6216727}.Release|x64.ActiveCfg = Release|x64
		{1EAD6DCC-D882-4AD8-94D0-4264B6216727}.Release|x64.Build.0 = Release|x64
		{1EAD6DCC-D882-4AD8-94D0-4264B6216727}.Release|x86.ActiveCfg = Release|Win32
		{1EAD6DCC-D882-4AD8-94D0-4264B6216727}.Release|x86.Build.0 = Release|Win32
		{6B105AB9-84A0-4774-B319-75E9CAB3DB4B}.Debug|Any CPU.ActiveCfg = Debug|Any CPU
		{6B105AB9-84A0-4774-B319-75E9CAB3DB4B}.Debug|Any CPU.Build.0 = Debug|Any CPU
		{6B105AB9-84A0-4774-B319-75E9CAB3DB4B}.Debug|x64.ActiveCfg = Debug|x64
		{6B105AB9-84A0-4774-B319-75E9CAB3DB4B}.Debug|x64.Build.0 = Debug|x64
		{6B105AB9-84A0-4774-B319-75E9CAB3DB4B}.Debug|x86.ActiveCfg = Debug|x86
		{6B105AB9-84A0-4774-B319-75E9CAB3DB4B}.Debug|x86.Build.0 = Debug|x86
		{6B105AB9-84A0-4774-B319-75E9CAB3DB4B}.Release|Any CPU.ActiveCfg = Release|Any CPU
		{6B105AB9-84A0-4774-B319-75E9CAB3DB4B}.Release|Any CPU.Build.0 = Release|Any CPU
		{6B105AB9-84A0-4774-B319-75E9CAB3DB4B}.Release|x64.ActiveCfg = Release|x64
		{6B105AB9-84A0-4774-B319-75E9CAB3DB4B}.Release|x64.Build.0 = Release|x64
		{6B105AB9-84A0-4774-B319-75E9CAB3DB4B}.Release|x86.ActiveCfg = Release|x86
		{6B105AB9-84A0-4774-B319-75E9CAB3DB4B}.Release|x86.Build.0 = Release|x86
	EndGlobalSection
	GlobalSection(SolutionProperties) = preSolution
		HideSolutionNode = FALSE
	EndGlobalSection
	GlobalSection(ExtensibilityGlobals) = postSolution
		SolutionGuid = {FC4E4103-5821-4B76-9920-9C713595BE74}
	EndGlobalSection
EndGlobal
