
Microsoft Visual Studio Solution File, Format Version 12.00
# Visual Studio 15
VisualStudioVersion = 15.0.28307.1062
MinimumVisualStudioVersion = 10.0.40219.1
Project("{FAE04EC0-301F-11D3-BF4B-00C04F79EFBC}") = "DialogWindow", "DialogWindow.csproj", "{F8C03AA9-3DDB-4E8C-98BD-CF12D7D11171}"
EndProject
Project("{FAE04EC0-301F-11D3-BF4B-00C04F79EFBC}") = "Blamite", "..\..\MCCEditor-master\Blamite\Blamite.csproj", "{6B105AB9-84A0-4774-B319-75E9CAB3DB4B}"
EndProject
Project("{2150E333-8FDC-42A3-9474-1A3956D46DE8}") = "Solution Items", "Solution Items", "{9A78504F-B120-42C4-83FE-716A2ABFB493}"
	ProjectSection(SolutionItems) = preProject
		.editorconfig = .editorconfig
	EndProjectSection
EndProject
Project("{FAE04EC0-301F-11D3-BF4B-00C04F79EFBC}") = "HaloMCCEditor", "..\..\MCCEditor-master\HaloMCCEditor\HaloMCCEditor.csproj", "{946D33AD-7690-4A5F-80B0-688736435B45}"
EndProject
Global
	GlobalSection(SolutionConfigurationPlatforms) = preSolution
		Debug|Any CPU = Debug|Any CPU
		Debug|x64 = Debug|x64
		Debug|x86 = Debug|x86
		Release|Any CPU = Release|Any CPU
		Release|x64 = Release|x64
		Release|x86 = Release|x86
	EndGlobalSection
	GlobalSection(ProjectConfigurationPlatforms) = postSolution
		{F8C03AA9-3DDB-4E8C-98BD-CF12D7D11171}.Debug|Any CPU.ActiveCfg = Debug|Any CPU
		{F8C03AA9-3DDB-4E8C-98BD-CF12D7D11171}.Debug|Any CPU.Build.0 = Debug|Any CPU
		{F8C03AA9-3DDB-4E8C-98BD-CF12D7D11171}.Debug|x64.ActiveCfg = Debug|Any CPU
		{F8C03AA9-3DDB-4E8C-98BD-CF12D7D11171}.Debug|x64.Build.0 = Debug|Any CPU
		{F8C03AA9-3DDB-4E8C-98BD-CF12D7D11171}.Debug|x86.ActiveCfg = Debug|Any CPU
		{F8C03AA9-3DDB-4E8C-98BD-CF12D7D11171}.Debug|x86.Build.0 = Debug|Any CPU
		{F8C03AA9-3DDB-4E8C-98BD-CF12D7D11171}.Release|Any CPU.ActiveCfg = Release|Any CPU
		{F8C03AA9-3DDB-4E8C-98BD-CF12D7D11171}.Release|Any CPU.Build.0 = Release|Any CPU
		{F8C03AA9-3DDB-4E8C-98BD-CF12D7D11171}.Release|x64.ActiveCfg = Release|Any CPU
		{F8C03AA9-3DDB-4E8C-98BD-CF12D7D11171}.Release|x64.Build.0 = Release|Any CPU
		{F8C03AA9-3DDB-4E8C-98BD-CF12D7D11171}.Release|x86.ActiveCfg = Release|Any CPU
		{F8C03AA9-3DDB-4E8C-98BD-CF12D7D11171}.Release|x86.Build.0 = Release|Any CPU
		{6B105AB9-84A0-4774-B319-75E9CAB3DB4B}.Debug|Any CPU.ActiveCfg = Debug|Any CPU
		{6B105AB9-84A0-4774-B319-75E9CAB3DB4B}.Debug|Any CPU.Build.0 = Debug|Any CPU
		{6B105AB9-84A0-4774-B319-75E9CAB3DB4B}.Debug|x64.ActiveCfg = Debug|x64
		{6B105AB9-84A0-4774-B319-75E9CAB3DB4B}.Debug|x64.Build.0 = Debug|x64
		{6B105AB9-84A0-4774-B319-75E9CAB3DB4B}.Debug|x86.ActiveCfg = Debug|x86
		{6B105AB9-84A0-4774-B319-75E9CAB3DB4B}.Debug|x86.Build.0 = Debug|x86
		{6B105AB9-84A0-4774-B319-75E9CAB3DB4B}.Release|Any CPU.ActiveCfg = Release|Any CPU
		{6B105AB9-84A0-4774-B319-75E9CAB3DB4B}.Release|Any CPU.Build.0 = Release|Any CPU
		{6B105AB9-84A0-4774-B319-75E9CAB3DB4B}.Release|x64.ActiveCfg = Release|x64
		{6B105AB9-84A0-4774-B319-75E9CAB3DB4B}.Release|x64.Build.0 = Release|x64
		{6B105AB9-84A0-4774-B319-75E9CAB3DB4B}.Release|x86.ActiveCfg = Release|x86
		{6B105AB9-84A0-4774-B319-75E9CAB3DB4B}.Release|x86.Build.0 = Release|x86
		{946D33AD-7690-4A5F-80B0-688736435B45}.Debug|Any CPU.ActiveCfg = Debug|Any CPU
		{946D33AD-7690-4A5F-80B0-688736435B45}.Debug|Any CPU.Build.0 = Debug|Any CPU
		{946D33AD-7690-4A5F-80B0-688736435B45}.Debug|x64.ActiveCfg = Debug|x64
		{946D33AD-7690-4A5F-80B0-688736435B45}.Debug|x64.Build.0 = Debug|x64
		{946D33AD-7690-4A5F-80B0-688736435B45}.Debug|x86.ActiveCfg = Debug|x86
		{946D33AD-7690-4A5F-80B0-688736435B45}.Debug|x86.Build.0 = Debug|x86
		{946D33AD-7690-4A5F-80B0-688736435B45}.Release|Any CPU.ActiveCfg = Release|Any CPU
		{946D33AD-7690-4A5F-80B0-688736435B45}.Release|Any CPU.Build.0 = Release|Any CPU
		{946D33AD-7690-4A5F-80B0-688736435B45}.Release|x64.ActiveCfg = Release|x64
		{946D33AD-7690-4A5F-80B0-688736435B45}.Release|x64.Build.0 = Release|x64
		{946D33AD-7690-4A5F-80B0-688736435B45}.Release|x86.ActiveCfg = Release|x86
		{946D33AD-7690-4A5F-80B0-688736435B45}.Release|x86.Build.0 = Release|x86
	EndGlobalSection
	GlobalSection(SolutionProperties) = preSolution
		HideSolutionNode = FALSE
	EndGlobalSection
	GlobalSection(ExtensibilityGlobals) = postSolution
		SolutionGuid = {1E344C8F-E3D6-4C03-8471-56086CFFF29D}
	EndGlobalSection
EndGlobal
